
Microsoft Visual Studio Solution File, Format Version 11.00
# Visual Studio 2010
Project("{FAE04EC0-301F-11D3-BF4B-00C04F79EFBC}") = "SpeechAnalyzer", "SpeechAnalyzer\SpeechAnalyzer.csproj", "{A507C96B-4CFB-49F4-B4C0-4209EF1F88D9}"
EndProject
Project("{FAE04EC0-301F-11D3-BF4B-00C04F79EFBC}") = "DemoAudio", "DemoAudio\DemoAudio\DemoAudio.csproj", "{2AC7ED72-CADC-4A87-BB4C-94CA0C97BAFA}"
EndProject
Project("{8BC9CEB8-8B4A-11D0-8D11-00A0C91BC942}") = "SocketClientTest", "SocketClientTest\SocketClientTest.vcxproj", "{B5AEF62A-F47C-4AEC-8911-0EF2B1D2F45D}"
EndProject
Project("{FAE04EC0-301F-11D3-BF4B-00C04F79EFBC}") = "SocketServerTest", "SocketServerTest\SocketServerTest.csproj", "{5EC701EB-89B4-4D18-A5AF-FBB23607A460}"
EndProject
Global
	GlobalSection(SolutionConfigurationPlatforms) = preSolution
		Debug|Mixed Platforms = Debug|Mixed Platforms
		Debug|Win32 = Debug|Win32
		Debug|x86 = Debug|x86
		Release|Mixed Platforms = Release|Mixed Platforms
		Release|Win32 = Release|Win32
		Release|x86 = Release|x86
	EndGlobalSection
	GlobalSection(ProjectConfigurationPlatforms) = postSolution
		{A507C96B-4CFB-49F4-B4C0-4209EF1F88D9}.Debug|Mixed Platforms.ActiveCfg = Debug|x86
		{A507C96B-4CFB-49F4-B4C0-4209EF1F88D9}.Debug|Mixed Platforms.Build.0 = Debug|x86
		{A507C96B-4CFB-49F4-B4C0-4209EF1F88D9}.Debug|Win32.ActiveCfg = Debug|x86
		{A507C96B-4CFB-49F4-B4C0-4209EF1F88D9}.Debug|x86.ActiveCfg = Debug|x86
		{A507C96B-4CFB-49F4-B4C0-4209EF1F88D9}.Debug|x86.Build.0 = Debug|x86
		{A507C96B-4CFB-49F4-B4C0-4209EF1F88D9}.Release|Mixed Platforms.ActiveCfg = Release|x86
		{A507C96B-4CFB-49F4-B4C0-4209EF1F88D9}.Release|Mixed Platforms.Build.0 = Release|x86
		{A507C96B-4CFB-49F4-B4C0-4209EF1F88D9}.Release|Win32.ActiveCfg = Release|x86
		{A507C96B-4CFB-49F4-B4C0-4209EF1F88D9}.Release|x86.ActiveCfg = Release|x86
		{A507C96B-4CFB-49F4-B4C0-4209EF1F88D9}.Release|x86.Build.0 = Release|x86
		{2AC7ED72-CADC-4A87-BB4C-94CA0C97BAFA}.Debug|Mixed Platforms.ActiveCfg = Debug|x86
		{2AC7ED72-CADC-4A87-BB4C-94CA0C97BAFA}.Debug|Mixed Platforms.Build.0 = Debug|x86
		{2AC7ED72-CADC-4A87-BB4C-94CA0C97BAFA}.Debug|Win32.ActiveCfg = Debug|x86
		{2AC7ED72-CADC-4A87-BB4C-94CA0C97BAFA}.Debug|x86.ActiveCfg = Debug|x86
		{2AC7ED72-CADC-4A87-BB4C-94CA0C97BAFA}.Debug|x86.Build.0 = Debug|x86
		{2AC7ED72-CADC-4A87-BB4C-94CA0C97BAFA}.Release|Mixed Platforms.ActiveCfg = Release|x86
		{2AC7ED72-CADC-4A87-BB4C-94CA0C97BAFA}.Release|Mixed Platforms.Build.0 = Release|x86
		{2AC7ED72-CADC-4A87-BB4C-94CA0C97BAFA}.Release|Win32.ActiveCfg = Release|x86
		{2AC7ED72-CADC-4A87-BB4C-94CA0C97BAFA}.Release|x86.ActiveCfg = Release|x86
		{2AC7ED72-CADC-4A87-BB4C-94CA0C97BAFA}.Release|x86.Build.0 = Release|x86
		{B5AEF62A-F47C-4AEC-8911-0EF2B1D2F45D}.Debug|Mixed Platforms.ActiveCfg = Debug|Win32
		{B5AEF62A-F47C-4AEC-8911-0EF2B1D2F45D}.Debug|Mixed Platforms.Build.0 = Debug|Win32
		{B5AEF62A-F47C-4AEC-8911-0EF2B1D2F45D}.Debug|Win32.ActiveCfg = Debug|Win32
		{B5AEF62A-F47C-4AEC-8911-0EF2B1D2F45D}.Debug|Win32.Build.0 = Debug|Win32
		{B5AEF62A-F47C-4AEC-8911-0EF2B1D2F45D}.Debug|x86.ActiveCfg = Debug|Win32
		{B5AEF62A-F47C-4AEC-8911-0EF2B1D2F45D}.Release|Mixed Platforms.ActiveCfg = Release|Win32
		{B5AEF62A-F47C-4AEC-8911-0EF2B1D2F45D}.Release|Mixed Platforms.Build.0 = Release|Win32
		{B5AEF62A-F47C-4AEC-8911-0EF2B1D2F45D}.Release|Win32.ActiveCfg = Release|Win32
		{B5AEF62A-F47C-4AEC-8911-0EF2B1D2F45D}.Release|Win32.Build.0 = Release|Win32
		{B5AEF62A-F47C-4AEC-8911-0EF2B1D2F45D}.Release|x86.ActiveCfg = Release|Win32
		{5EC701EB-89B4-4D18-A5AF-FBB23607A460}.Debug|Mixed Platforms.ActiveCfg = Debug|x86
		{5EC701EB-89B4-4D18-A5AF-FBB23607A460}.Debug|Mixed Platforms.Build.0 = Debug|x86
		{5EC701EB-89B4-4D18-A5AF-FBB23607A460}.Debug|Win32.ActiveCfg = Debug|x86
		{5EC701EB-89B4-4D18-A5AF-FBB23607A460}.Debug|x86.ActiveCfg = Debug|x86
		{5EC701EB-89B4-4D18-A5AF-FBB23607A460}.Debug|x86.Build.0 = Debug|x86
		{5EC701EB-89B4-4D18-A5AF-FBB23607A460}.Release|Mixed Platforms.ActiveCfg = Release|x86
		{5EC701EB-89B4-4D18-A5AF-FBB23607A460}.Release|Mixed Platforms.Build.0 = Release|x86
		{5EC701EB-89B4-4D18-A5AF-FBB23607A460}.Release|Win32.ActiveCfg = Release|x86
		{5EC701EB-89B4-4D18-A5AF-FBB23607A460}.Release|x86.ActiveCfg = Release|x86
		{5EC701EB-89B4-4D18-A5AF-FBB23607A460}.Release|x86.Build.0 = Release|x86
	EndGlobalSection
	GlobalSection(SolutionProperties) = preSolution
		HideSolutionNode = FALSE
	EndGlobalSection
EndGlobal
